// !$*UTF8*$!
{
	archiveVersion = 1;
	classes = {
	};
	objectVersion = 55;
	objects = {

/* Begin PBXBuildFile section */
		43429F2727A976C500774B85 /* AppDelegate.swift in Sources */ = {isa = PBXBuildFile; fileRef = 43429F2627A976C500774B85 /* AppDelegate.swift */; };
		43429F2927A976C500774B85 /* SceneDelegate.swift in Sources */ = {isa = PBXBuildFile; fileRef = 43429F2827A976C500774B85 /* SceneDelegate.swift */; };
		43429F2B27A976C500774B85 /* ViewController.swift in Sources */ = {isa = PBXBuildFile; fileRef = 43429F2A27A976C500774B85 /* ViewController.swift */; };
		43429F2E27A976C500774B85 /* Main.storyboard in Resources */ = {isa = PBXBuildFile; fileRef = 43429F2C27A976C500774B85 /* Main.storyboard */; };
		43429F3027A976C600774B85 /* Assets.xcassets in Resources */ = {isa = PBXBuildFile; fileRef = 43429F2F27A976C600774B85 /* Assets.xcassets */; };
		43429F3327A976C600774B85 /* LaunchScreen.storyboard in Resources */ = {isa = PBXBuildFile; fileRef = 43429F3127A976C600774B85 /* LaunchScreen.storyboard */; };
		43429F3B27A9892B00774B85 /* Jellyfish.dae in Resources */ = {isa = PBXBuildFile; fileRef = 43429F3A27A9892B00774B85 /* Jellyfish.dae */; };
		43429F3D27A989EA00774B85 /* Jellyfish.png in Resources */ = {isa = PBXBuildFile; fileRef = 43429F3C27A989EA00774B85 /* Jellyfish.png */; };
		43429F4527A98A5E00774B85 /* Jellyfish.scn in Resources */ = {isa = PBXBuildFile; fileRef = 43429F4427A98A5E00774B85 /* Jellyfish.scn */; };
		91ED1A9818C3A237C6C252C9 /* Pods_Whack_a_jellyfish.framework in Frameworks */ = {isa = PBXBuildFile; fileRef = D27A22D5C424D325A78FB184 /* Pods_Whack_a_jellyfish.framework */; };
/* End PBXBuildFile section */

/* Begin PBXFileReference section */
		242BB00FA66B32D639CA9822 /* Pods-Whack a jellyfish.release.xcconfig */ = {isa = PBXFileReference; includeInIndex = 1; lastKnownFileType = text.xcconfig; name = "Pods-Whack a jellyfish.release.xcconfig"; path = "Target Support Files/Pods-Whack a jellyfish/Pods-Whack a jellyfish.release.xcconfig"; sourceTree = "<group>"; };
		43429F2327A976C500774B85 /* Whack a jellyfish.app */ = {isa = PBXFileReference; explicitFileType = wrapper.application; includeInIndex = 0; path = "Whack a jellyfish.app"; sourceTree = BUILT_PRODUCTS_DIR; };
		43429F2627A976C500774B85 /* AppDelegate.swift */ = {isa = PBXFileReference; lastKnownFileType = sourcecode.swift; path = AppDelegate.swift; sourceTree = "<group>"; };
		43429F2827A976C500774B85 /* SceneDelegate.swift */ = {isa = PBXFileReference; lastKnownFileType = sourcecode.swift; path = SceneDelegate.swift; sourceTree = "<group>"; };
		43429F2A27A976C500774B85 /* ViewController.swift */ = {isa = PBXFileReference; lastKnownFileType = sourcecode.swift; path = ViewController.swift; sourceTree = "<group>"; };
		43429F2D27A976C500774B85 /* Base */ = {isa = PBXFileReference; lastKnownFileType = file.storyboard; name = Base; path = Base.lproj/Main.storyboard; sourceTree = "<group>"; };
		43429F2F27A976C600774B85 /* Assets.xcassets */ = {isa = PBXFileReference; lastKnownFileType = folder.assetcatalog; path = Assets.xcassets; sourceTree = "<group>"; };
		43429F3227A976C600774B85 /* Base */ = {isa = PBXFileReference; lastKnownFileType = file.storyboard; name = Base; path = Base.lproj/LaunchScreen.storyboard; sourceTree = "<group>"; };
		43429F3427A976C600774B85 /* Info.plist */ = {isa = PBXFileReference; lastKnownFileType = text.plist.xml; path = Info.plist; sourceTree = "<group>"; };
		43429F3A27A9892B00774B85 /* Jellyfish.dae */ = {isa = PBXFileReference; fileEncoding = 4; lastKnownFileType = text.xml.dae; name = Jellyfish.dae; path = ../../../../../../Downloads/Jellyfish.dae; sourceTree = "<group>"; };
		43429F3C27A989EA00774B85 /* Jellyfish.png */ = {isa = PBXFileReference; lastKnownFileType = image.png; name = Jellyfish.png; path = ../../../../../../Downloads/Jellyfish.png; sourceTree = "<group>"; };
		43429F4427A98A5E00774B85 /* Jellyfish.scn */ = {isa = PBXFileReference; lastKnownFileType = file.bplist; name = Jellyfish.scn; path = ../../../../../../Downloads/Jellyfish.scn; sourceTree = "<group>"; };
		792531EDAAD1834F9D720E59 /* Pods-Whack a jellyfish.debug.xcconfig */ = {isa = PBXFileReference; includeInIndex = 1; lastKnownFileType = text.xcconfig; name = "Pods-Whack a jellyfish.debug.xcconfig"; path = "Target Support Files/Pods-Whack a jellyfish/Pods-Whack a jellyfish.debug.xcconfig"; sourceTree = "<group>"; };
		D27A22D5C424D325A78FB184 /* Pods_Whack_a_jellyfish.framework */ = {isa = PBXFileReference; explicitFileType = wrapper.framework; includeInIndex = 0; path = Pods_Whack_a_jellyfish.framework; sourceTree = BUILT_PRODUCTS_DIR; };
/* End PBXFileReference section */

/* Begin PBXFrameworksBuildPhase section */
		43429F2027A976C500774B85 /* Frameworks */ = {
			isa = PBXFrameworksBuildPhase;
			buildActionMask = 2147483647;
			files = (
				91ED1A9818C3A237C6C252C9 /* Pods_Whack_a_jellyfish.framework in Frameworks */,
			);
			runOnlyForDeploymentPostprocessing = 0;
		};
/* End PBXFrameworksBuildPhase section */

/* Begin PBXGroup section */
		0FF4397777EAB77F2AC1BC33 /* Frameworks */ = {
			isa = PBXGroup;
			children = (
				D27A22D5C424D325A78FB184 /* Pods_Whack_a_jellyfish.framework */,
			);
			name = Frameworks;
			sourceTree = "<group>";
		};
		43429F1A27A976C500774B85 = {
			isa = PBXGroup;
			children = (
				43429F2527A976C500774B85 /* Whack a jellyfish */,
				43429F2427A976C500774B85 /* Products */,
				EEA3BD597731FD3E2E881D95 /* Pods */,
				0FF4397777EAB77F2AC1BC33 /* Frameworks */,
			);
			sourceTree = "<group>";
		};
		43429F2427A976C500774B85 /* Products */ = {
			isa = PBXGroup;
			children = (
				43429F2327A976C500774B85 /* Whack a jellyfish.app */,
			);
			name = Products;
			sourceTree = "<group>";
		};
		43429F2527A976C500774B85 /* Whack a jellyfish */ = {
			isa = PBXGroup;
			children = (
				43429F2627A976C500774B85 /* AppDelegate.swift */,
				43429F2827A976C500774B85 /* SceneDelegate.swift */,
				43429F2A27A976C500774B85 /* ViewController.swift */,
				43429F2C27A976C500774B85 /* Main.storyboard */,
				43429F3C27A989EA00774B85 /* Jellyfish.png */,
				43429F3A27A9892B00774B85 /* Jellyfish.dae */,
				43429F2F27A976C600774B85 /* Assets.xcassets */,
				43429F3127A976C600774B85 /* LaunchScreen.storyboard */,
				43429F3427A976C600774B85 /* Info.plist */,
				43429F4427A98A5E00774B85 /* Jellyfish.scn */,
			);
			path = "Whack a jellyfish";
			sourceTree = "<group>";
		};
		EEA3BD597731FD3E2E881D95 /* Pods */ = {
			isa = PBXGroup;
			children = (
				792531EDAAD1834F9D720E59 /* Pods-Whack a jellyfish.debug.xcconfig */,
				242BB00FA66B32D639CA9822 /* Pods-Whack a jellyfish.release.xcconfig */,
			);
			name = Pods;
			path = Pods;
			sourceTree = "<group>";
		};
/* End PBXGroup section */

/* Begin PBXNativeTarget section */
		43429F2227A976C500774B85 /* Whack a jellyfish */ = {
			isa = PBXNativeTarget;
			buildConfigurationList = 43429F3727A976C600774B85 /* Build configuration list for PBXNativeTarget "Whack a jellyfish" */;
			buildPhases = (
				FB3234D4B878554AED2947B3 /* [CP] Check Pods Manifest.lock */,
				43429F1F27A976C500774B85 /* Sources */,
				43429F2027A976C500774B85 /* Frameworks */,
				43429F2127A976C500774B85 /* Resources */,
				F7AEA83B604A1BA82A522386 /* [CP] Embed Pods Frameworks */,
			);
			buildRules = (
			);
			dependencies = (
			);
			name = "Whack a jellyfish";
			productName = "Whack a jellyfish";
			productReference = 43429F2327A976C500774B85 /* Whack a jellyfish.app */;
			productType = "com.apple.product-type.application";
		};
/* End PBXNativeTarget section */

/* Begin PBXProject section */
		43429F1B27A976C500774B85 /* Project object */ = {
			isa = PBXProject;
			attributes = {
				BuildIndependentTargetsInParallel = 1;
				LastSwiftUpdateCheck = 1320;
				LastUpgradeCheck = 1320;
				TargetAttributes = {
					43429F2227A976C500774B85 = {
						CreatedOnToolsVersion = 13.2.1;
					};
				};
			};
			buildConfigurationList = 43429F1E27A976C500774B85 /* Build configuration list for PBXProject "Whack a jellyfish" */;
			compatibilityVersion = "Xcode 13.0";
			developmentRegion = en;
			hasScannedForEncodings = 0;
			knownRegions = (
				en,
				Base,
			);
			mainGroup = 43429F1A27A976C500774B85;
			productRefGroup = 43429F2427A976C500774B85 /* Products */;
			projectDirPath = "";
			projectRoot = "";
			targets = (
				43429F2227A976C500774B85 /* Whack a jellyfish */,
			);
		};
/* End PBXProject section */

/* Begin PBXResourcesBuildPhase section */
		43429F2127A976C500774B85 /* Resources */ = {
			isa = PBXResourcesBuildPhase;
			buildActionMask = 2147483647;
			files = (
				43429F3D27A989EA00774B85 /* Jellyfish.png in Resources */,
				43429F3327A976C600774B85 /* LaunchScreen.storyboard in Resources */,
				43429F3027A976C600774B85 /* Assets.xcassets in Resources */,
				43429F4527A98A5E00774B85 /* Jellyfish.scn in Resources */,
				43429F2E27A976C500774B85 /* Main.storyboard in Resources */,
				43429F3B27A9892B00774B85 /* Jellyfish.dae in Resources */,
			);
			runOnlyForDeploymentPostprocessing = 0;
		};
/* End PBXResourcesBuildPhase section */

/* Begin PBXShellScriptBuildPhase section */
		F7AEA83B604A1BA82A522386 /* [CP] Embed Pods Frameworks */ = {
			isa = PBXShellScriptBuildPhase;
			buildActionMask = 2147483647;
			files = (
			);
			inputFileListPaths = (
				"${PODS_ROOT}/Target Support Files/Pods-Whack a jellyfish/Pods-Whack a jellyfish-frameworks-${CONFIGURATION}-input-files.xcfilelist",
			);
			name = "[CP] Embed Pods Frameworks";
			outputFileListPaths = (
				"${PODS_ROOT}/Target Support Files/Pods-Whack a jellyfish/Pods-Whack a jellyfish-frameworks-${CONFIGURATION}-output-files.xcfilelist",
			);
			runOnlyForDeploymentPostprocessing = 0;
			shellPath = /bin/sh;
			shellScript = "\"${PODS_ROOT}/Target Support Files/Pods-Whack a jellyfish/Pods-Whack a jellyfish-frameworks.sh\"\n";
			showEnvVarsInLog = 0;
		};
		FB3234D4B878554AED2947B3 /* [CP] Check Pods Manifest.lock */ = {
			isa = PBXShellScriptBuildPhase;
			buildActionMask = 2147483647;
			files = (
			);
			inputFileListPaths = (
			);
			inputPaths = (
				"${PODS_PODFILE_DIR_PATH}/Podfile.lock",
				"${PODS_ROOT}/Manifest.lock",
			);
			name = "[CP] Check Pods Manifest.lock";
			outputFileListPaths = (
			);
			outputPaths = (
				"$(DERIVED_FILE_DIR)/Pods-Whack a jellyfish-checkManifestLockResult.txt",
			);
			runOnlyForDeploymentPostprocessing = 0;
			shellPath = /bin/sh;
			shellScript = "diff \"${PODS_PODFILE_DIR_PATH}/Podfile.lock\" \"${PODS_ROOT}/Manifest.lock\" > /dev/null\nif [ $? != 0 ] ; then\n    # print error to STDERR\n    echo \"error: The sandbox is not in sync with the Podfile.lock. Run 'pod install' or update your CocoaPods installation.\" >&2\n    exit 1\nfi\n# This output is used by Xcode 'outputs' to avoid re-running this script phase.\necho \"SUCCESS\" > \"${SCRIPT_OUTPUT_FILE_0}\"\n";
			showEnvVarsInLog = 0;
		};
/* End PBXShellScriptBuildPhase section */

/* Begin PBXSourcesBuildPhase section */
		43429F1F27A976C500774B85 /* Sources */ = {
			isa = PBXSourcesBuildPhase;
			buildActionMask = 2147483647;
			files = (
				43429F2B27A976C500774B85 /* ViewController.swift in Sources */,
				43429F2727A976C500774B85 /* AppDelegate.swift in Sources */,
				43429F2927A976C500774B85 /* SceneDelegate.swift in Sources */,
			);
			runOnlyForDeploymentPostprocessing = 0;
		};
/* End PBXSourcesBuildPhase section */

/* Begin PBXVariantGroup section */
		43429F2C27A976C500774B85 /* Main.storyboard */ = {
			isa = PBXVariantGroup;
			children = (
				43429F2D27A976C500774B85 /* Base */,
			);
			name = Main.storyboard;
			sourceTree = "<group>";
		};
		43429F3127A976C600774B85 /* LaunchScreen.storyboard */ = {
			isa = PBXVariantGroup;
			children = (
				43429F3227A976C600774B85 /* Base */,
			);
			name = LaunchScreen.storyboard;
			sourceTree = "<group>";
		};
/* End PBXVariantGroup section */

/* Begin XCBuildConfiguration section */
		43429F3527A976C600774B85 /* Debug */ = {
			isa = XCBuildConfiguration;
			buildSettings = {
				ALWAYS_SEARCH_USER_PATHS = NO;
				CLANG_ANALYZER_NONNULL = YES;
				CLANG_ANALYZER_NUMBER_OBJECT_CONVERSION = YES_AGGRESSIVE;
				CLANG_CXX_LANGUAGE_STANDARD = "gnu++17";
				CLANG_CXX_LIBRARY = "libc++";
				CLANG_ENABLE_MODULES = YES;
				CLANG_ENABLE_OBJC_ARC = YES;
				CLANG_ENABLE_OBJC_WEAK = YES;
				CLANG_WARN_BLOCK_CAPTURE_AUTORELEASING = YES;
				CLANG_WARN_BOOL_CONVERSION = YES;
				CLANG_WARN_COMMA = YES;
				CLANG_WARN_CONSTANT_CONVERSION = YES;
				CLANG_WARN_DEPRECATED_OBJC_IMPLEMENTATIONS = YES;
				CLANG_WARN_DIRECT_OBJC_ISA_USAGE = YES_ERROR;
				CLANG_WARN_DOCUMENTATION_COMMENTS = YES;
				CLANG_WARN_EMPTY_BODY = YES;
				CLANG_WARN_ENUM_CONVERSION = YES;
				CLANG_WARN_INFINITE_RECURSION = YES;
				CLANG_WARN_INT_CONVERSION = YES;
				CLANG_WARN_NON_LITERAL_NULL_CONVERSION = YES;
				CLANG_WARN_OBJC_IMPLICIT_RETAIN_SELF = YES;
				CLANG_WARN_OBJC_LITERAL_CONVERSION = YES;
				CLANG_WARN_OBJC_ROOT_CLASS = YES_ERROR;
				CLANG_WARN_QUOTED_INCLUDE_IN_FRAMEWORK_HEADER = YES;
				CLANG_WARN_RANGE_LOOP_ANALYSIS = YES;
				CLANG_WARN_STRICT_PROTOTYPES = YES;
				CLANG_WARN_SUSPICIOUS_MOVE = YES;
				CLANG_WARN_UNGUARDED_AVAILABILITY = YES_AGGRESSIVE;
				CLANG_WARN_UNREACHABLE_CODE = YES;
				CLANG_WARN__DUPLICATE_METHOD_MATCH = YES;
				COPY_PHASE_STRIP = NO;
				DEBUG_INFORMATION_FORMAT = dwarf;
				ENABLE_STRICT_OBJC_MSGSEND = YES;
				ENABLE_TESTABILITY = YES;
				GCC_C_LANGUAGE_STANDARD = gnu11;
				GCC_DYNAMIC_NO_PIC = NO;
				GCC_NO_COMMON_BLOCKS = YES;
				GCC_OPTIMIZATION_LEVEL = 0;
				GCC_PREPROCESSOR_DEFINITIONS = (
					"DEBUG=1",
					"$(inherited)",
				);
				GCC_WARN_64_TO_32_BIT_CONVERSION = YES;
				GCC_WARN_ABOUT_RETURN_TYPE = YES_ERROR;
				GCC_WARN_UNDECLARED_SELECTOR = YES;
				GCC_WARN_UNINITIALIZED_AUTOS = YES_AGGRESSIVE;
				GCC_WARN_UNUSED_FUNCTION = YES;
				GCC_WARN_UNUSED_VARIABLE = YES;
				IPHONEOS_DEPLOYMENT_TARGET = 15.2;
				MTL_ENABLE_DEBUG_INFO = INCLUDE_SOURCE;
				MTL_FAST_MATH = YES;
				ONLY_ACTIVE_ARCH = YES;
				SDKROOT = iphoneos;
				SWIFT_ACTIVE_COMPILATION_CONDITIONS = DEBUG;
				SWIFT_OPTIMIZATION_LEVEL = "-Onone";
			};
			name = Debug;
		};
		43429F3627A976C600774B85 /* Release */ = {
			isa = XCBuildConfiguration;
			buildSettings = {
				ALWAYS_SEARCH_USER_PATHS = NO;
				CLANG_ANALYZER_NONNULL = YES;
				CLANG_ANALYZER_NUMBER_OBJECT_CONVERSION = YES_AGGRESSIVE;
				CLANG_CXX_LANGUAGE_STANDARD = "gnu++17";
				CLANG_CXX_LIBRARY = "libc++";
				CLANG_ENABLE_MODULES = YES;
				CLANG_ENABLE_OBJC_ARC = YES;
				CLANG_ENABLE_OBJC_WEAK = YES;
				CLANG_WARN_BLOCK_CAPTURE_AUTORELEASING = YES;
				CLANG_WARN_BOOL_CONVERSION = YES;
				CLANG_WARN_COMMA = YES;
				CLANG_WARN_CONSTANT_CONVERSION = YES;
				CLANG_WARN_DEPRECATED_OBJC_IMPLEMENTATIONS = YES;
				CLANG_WARN_DIRECT_OBJC_ISA_USAGE = YES_ERROR;
				CLANG_WARN_DOCUMENTATION_COMMENTS = YES;
				CLANG_WARN_EMPTY_BODY = YES;
				CLANG_WARN_ENUM_CONVERSION = YES;
				CLANG_WARN_INFINITE_RECURSION = YES;
				CLANG_WARN_INT_CONVERSION = YES;
				CLANG_WARN_NON_LITERAL_NULL_CONVERSION = YES;
				CLANG_WARN_OBJC_IMPLICIT_RETAIN_SELF = YES;
				CLANG_WARN_OBJC_LITERAL_CONVERSION = YES;
				CLANG_WARN_OBJC_ROOT_CLASS = YES_ERROR;
				CLANG_WARN_QUOTED_INCLUDE_IN_FRAMEWORK_HEADER = YES;
				CLANG_WARN_RANGE_LOOP_ANALYSIS = YES;
				CLANG_WARN_STRICT_PROTOTYPES = YES;
				CLANG_WARN_SUSPICIOUS_MOVE = YES;
				CLANG_WARN_UNGUARDED_AVAILABILITY = YES_AGGRESSIVE;
				CLANG_WARN_UNREACHABLE_CODE = YES;
				CLANG_WARN__DUPLICATE_METHOD_MATCH = YES;
				COPY_PHASE_STRIP = NO;
				DEBUG_INFORMATION_FORMAT = "dwarf-with-dsym";
				ENABLE_NS_ASSERTIONS = NO;
				ENABLE_STRICT_OBJC_MSGSEND = YES;
				GCC_C_LANGUAGE_STANDARD = gnu11;
				GCC_NO_COMMON_BLOCKS = YES;
				GCC_WARN_64_TO_32_BIT_CONVERSION = YES;
				GCC_WARN_ABOUT_RETURN_TYPE = YES_ERROR;
				GCC_WARN_UNDECLARED_SELECTOR = YES;
				GCC_WARN_UNINITIALIZED_AUTOS = YES_AGGRESSIVE;
				GCC_WARN_UNUSED_FUNCTION = YES;
				GCC_WARN_UNUSED_VARIABLE = YES;
				IPHONEOS_DEPLOYMENT_TARGET = 15.2;
				MTL_ENABLE_DEBUG_INFO = NO;
				MTL_FAST_MATH = YES;
				SDKROOT = iphoneos;
				SWIFT_COMPILATION_MODE = wholemodule;
				SWIFT_OPTIMIZATION_LEVEL = "-O";
				VALIDATE_PRODUCT = YES;
			};
			name = Release;
		};
		43429F3827A976C600774B85 /* Debug */ = {
			isa = XCBuildConfiguration;
			baseConfigurationReference = 792531EDAAD1834F9D720E59 /* Pods-Whack a jellyfish.debug.xcconfig */;
			buildSettings = {
				ASSETCATALOG_COMPILER_APPICON_NAME = AppIcon;
				ASSETCATALOG_COMPILER_GLOBAL_ACCENT_COLOR_NAME = AccentColor;
				CODE_SIGN_STYLE = Automatic;
				CURRENT_PROJECT_VERSION = 1;
				DEVELOPMENT_TEAM = 6P36N2Y47J;
				GENERATE_INFOPLIST_FILE = YES;
				INFOPLIST_FILE = "Whack a jellyfish/Info.plist";
				INFOPLIST_KEY_UIApplicationSupportsIndirectInputEvents = YES;
				INFOPLIST_KEY_UILaunchStoryboardName = LaunchScreen;
				INFOPLIST_KEY_UIMainStoryboardFile = Main;
				INFOPLIST_KEY_UISupportedInterfaceOrientations_iPad = "UIInterfaceOrientationPortrait UIInterfaceOrientationPortraitUpsideDown UIInterfaceOrientationLandscapeLeft UIInterfaceOrientationLandscapeRight";
				INFOPLIST_KEY_UISupportedInterfaceOrientations_iPhone = "UIInterfaceOrientationPortrait UIInterfaceOrientationLandscapeLeft UIInterfaceOrientationLandscapeRight";
				LD_RUNPATH_SEARCH_PATHS = (
					"$(inherited)",
					"@executable_path/Frameworks",
				);
				MARKETING_VERSION = 1.0;
				PRODUCT_BUNDLE_IDENTIFIER = "vardnan.Whack-a-jellyfish";
				PRODUCT_NAME = "$(TARGET_NAME)";
				SWIFT_EMIT_LOC_STRINGS = YES;
				SWIFT_VERSION = 5.0;
				TARGETED_DEVICE_FAMILY = "1,2";
			};
			name = Debug;
		};
		43429F3927A976C600774B85 /* Release */ = {
			isa = XCBuildConfiguration;
			baseConfigurationReference = 242BB00FA66B32D639CA9822 /* Pods-Whack a jellyfish.release.xcconfig */;
			buildSettings = {
				ASSETCATALOG_COMPILER_APPICON_NAME = AppIcon;
				ASSETCATALOG_COMPILER_GLOBAL_ACCENT_COLOR_NAME = AccentColor;
				CODE_SIGN_STYLE = Automatic;
				CURRENT_PROJECT_VERSION = 1;
				DEVELOPMENT_TEAM = 6P36N2Y47J;
				GENERATE_INFOPLIST_FILE = YES;
				INFOPLIST_FILE = "Whack a jellyfish/Info.plist";
				INFOPLIST_KEY_UIApplicationSupportsIndirectInputEvents = YES;
				INFOPLIST_KEY_UILaunchStoryboardName = LaunchScreen;
				INFOPLIST_KEY_UIMainStoryboardFile = Main;
				INFOPLIST_KEY_UISupportedInterfaceOrientations_iPad = "UIInterfaceOrientationPortrait UIInterfaceOrientationPortraitUpsideDown UIInterfaceOrientationLandscapeLeft UIInterfaceOrientationLandscapeRight";
				INFOPLIST_KEY_UISupportedInterfaceOrientations_iPhone = "UIInterfaceOrientationPortrait UIInterfaceOrientationLandscapeLeft UIInterfaceOrientationLandscapeRight";
				LD_RUNPATH_SEARCH_PATHS = (
					"$(inherited)",
					"@executable_path/Frameworks",
				);
				MARKETING_VERSION = 1.0;
				PRODUCT_BUNDLE_IDENTIFIER = "vardnan.Whack-a-jellyfish";
				PRODUCT_NAME = "$(TARGET_NAME)";
				SWIFT_EMIT_LOC_STRINGS = YES;
				SWIFT_VERSION = 5.0;
				TARGETED_DEVICE_FAMILY = "1,2";
			};
			name = Release;
		};
/* End XCBuildConfiguration section */

/* Begin XCConfigurationList section */
		43429F1E27A976C500774B85 /* Build configuration list for PBXProject "Whack a jellyfish" */ = {
			isa = XCConfigurationList;
			buildConfigurations = (
				43429F3527A976C600774B85 /* Debug */,
				43429F3627A976C600774B85 /* Release */,
			);
			defaultConfigurationIsVisible = 0;
			defaultConfigurationName = Release;
		};
		43429F3727A976C600774B85 /* Build configuration list for PBXNativeTarget "Whack a jellyfish" */ = {
			isa = XCConfigurationList;
			buildConfigurations = (
				43429F3827A976C600774B85 /* Debug */,
				43429F3927A976C600774B85 /* Release */,
			);
			defaultConfigurationIsVisible = 0;
			defaultConfigurationName = Release;
		};
/* End XCConfigurationList section */
	};
	rootObject = 43429F1B27A976C500774B85 /* Project object */;
}
